
Microsoft Visual Studio Solution File, Format Version 12.00
# Visual Studio Version 17
VisualStudioVersion = 17.10.35122.118
MinimumVisualStudioVersion = 10.0.40219.1
Project("{9A19103F-16F7-4668-BE54-9A1E7A4F7556}") = "Microsoft.Extensions.DependencyInjection.Abstractions", "..\Microsoft.Extensions.DependencyInjection.Abstractions\src\Microsoft.Extensions.DependencyInjection.Abstractions.csproj", "{9CD9F9EB-379C-44C1-9016-33DFEC821C76}"
EndProject
Project("{9A19103F-16F7-4668-BE54-9A1E7A4F7556}") = "Microsoft.Extensions.DependencyInjection.Specification.Tests", "..\Microsoft.Extensions.DependencyInjection.Specification.Tests\src\Microsoft.Extensions.DependencyInjection.Specification.Tests.csproj", "{4532D9F9-1E0D-4A62-8038-D3454B255E86}"
EndProject
Project("{9A19103F-16F7-4668-BE54-9A1E7A4F7556}") = "Microsoft.Extensions.DependencyInjection", "src\Microsoft.Extensions.DependencyInjection.csproj", "{C5ECD02C-FA5A-4B56-9CA2-47AD8989714A}"
EndProject
Project("{2150E333-8FDC-42A3-9474-1A3956D46DE8}") = "src", "src", "{74C4FAFF-491D-448C-8CA0-F8E5FC838CC5}"
EndProject
Project("{2150E333-8FDC-42A3-9474-1A3956D46DE8}") = "tests", "tests", "{1999A746-2E58-4589-8449-FC53A8B7BD65}"
EndProject
Project("{9A19103F-16F7-4668-BE54-9A1E7A4F7556}") = "Microsoft.Extensions.DependencyInjection.Tests", "tests\DI.Tests\Microsoft.Extensions.DependencyInjection.Tests.csproj", "{5785DD97-D5DE-49C5-8896-0EC1F4ACD904}"
EndProject
Project("{FAE04EC0-301F-11D3-BF4B-00C04F79EFBC}") = "SystemPlaceholder", "SystemPlaceholder\SystemPlaceholder.csproj", "{00BF915A-D13A-4ED1-945B-F19EFBE65400}"
EndProject
Global
	GlobalSection(SolutionConfigurationPlatforms) = preSolution
		Debug|Any CPU = Debug|Any CPU
		Release|Any CPU = Release|Any CPU
	EndGlobalSection
	GlobalSection(ProjectConfigurationPlatforms) = postSolution
		{9CD9F9EB-379C-44C1-9016-33DFEC821C76}.Debug|Any CPU.ActiveCfg = Debug|Any CPU
		{9CD9F9EB-379C-44C1-9016-33DFEC821C76}.Debug|Any CPU.Build.0 = Debug|Any CPU
		{9CD9F9EB-379C-44C1-9016-33DFEC821C76}.Release|Any CPU.ActiveCfg = Release|Any CPU
		{9CD9F9EB-379C-44C1-9016-33DFEC821C76}.Release|Any CPU.Build.0 = Release|Any CPU
		{4532D9F9-1E0D-4A62-8038-D3454B255E86}.Debug|Any CPU.ActiveCfg = Debug|Any CPU
		{4532D9F9-1E0D-4A62-8038-D3454B255E86}.Debug|Any CPU.Build.0 = Debug|Any CPU
		{4532D9F9-1E0D-4A62-8038-D3454B255E86}.Release|Any CPU.ActiveCfg = Release|Any CPU
		{4532D9F9-1E0D-4A62-8038-D3454B255E86}.Release|Any CPU.Build.0 = Release|Any CPU
		{C5ECD02C-FA5A-4B56-9CA2-47AD8989714A}.Debug|Any CPU.ActiveCfg = Debug|Any CPU
		{C5ECD02C-FA5A-4B56-9CA2-47AD8989714A}.Debug|Any CPU.Build.0 = Debug|Any CPU
		{C5ECD02C-FA5A-4B56-9CA2-47AD8989714A}.Release|Any CPU.ActiveCfg = Release|Any CPU
		{C5ECD02C-FA5A-4B56-9CA2-47AD8989714A}.Release|Any CPU.Build.0 = Release|Any CPU
		{5785DD97-D5DE-49C5-8896-0EC1F4ACD904}.Debug|Any CPU.ActiveCfg = Debug|Any CPU
		{5785DD97-D5DE-49C5-8896-0EC1F4ACD904}.Debug|Any CPU.Build.0 = Debug|Any CPU
		{5785DD97-D5DE-49C5-8896-0EC1F4ACD904}.Release|Any CPU.ActiveCfg = Release|Any CPU
		{5785DD97-D5DE-49C5-8896-0EC1F4ACD904}.Release|Any CPU.Build.0 = Release|Any CPU
		{00BF915A-D13A-4ED1-945B-F19EFBE65400}.Debug|Any CPU.ActiveCfg = Debug|Any CPU
		{00BF915A-D13A-4ED1-945B-F19EFBE65400}.Debug|Any CPU.Build.0 = Debug|Any CPU
		{00BF915A-D13A-4ED1-945B-F19EFBE65400}.Release|Any CPU.ActiveCfg = Release|Any CPU
		{00BF915A-D13A-4ED1-945B-F19EFBE65400}.Release|Any CPU.Build.0 = Release|Any CPU
	EndGlobalSection
	GlobalSection(SolutionProperties) = preSolution
		HideSolutionNode = FALSE
	EndGlobalSection
	GlobalSection(NestedProjects) = preSolution
		{9CD9F9EB-379C-44C1-9016-33DFEC821C76} = {74C4FAFF-491D-448C-8CA0-F8E5FC838CC5}
		{4532D9F9-1E0D-4A62-8038-D3454B255E86} = {74C4FAFF-491D-448C-8CA0-F8E5FC838CC5}
		{C5ECD02C-FA5A-4B56-9CA2-47AD8989714A} = {74C4FAFF-491D-448C-8CA0-F8E5FC838CC5}
		{5785DD97-D5DE-49C5-8896-0EC1F4ACD904} = {1999A746-2E58-4589-8449-FC53A8B7BD65}
	EndGlobalSection
	GlobalSection(ExtensibilityGlobals) = postSolution
		SolutionGuid = {68A7BDA7-8093-433C-BF7A-8A6A7560BD02}
	EndGlobalSection
EndGlobal
